
Microsoft Visual Studio Solution File, Format Version 12.00
# Visual Studio 15
VisualStudioVersion = 15.0.28307.421
MinimumVisualStudioVersion = 10.0.40219.1
Project("{9A19103F-16F7-4668-BE54-9A1E7A4F7556}") = "AbstractFactory", "AbstractFactory.csproj", "{CC4C5D2C-E5D2-4007-A339-444090E2FE95}"
EndProject
Project("{FAE04EC0-301F-11D3-BF4B-00C04F79EFBC}") = "BlackJack", "..\BlackJack\BlackJack.csproj", "{8EEA7FA0-5C73-41B3-93BB-26471DCEE65E}"
EndProject
Global
	GlobalSection(SolutionConfigurationPlatforms) = preSolution
		Debug|Any CPU = Debug|Any CPU
		Release|Any CPU = Release|Any CPU
	EndGlobalSection
	GlobalSection(ProjectConfigurationPlatforms) = postSolution
		{CC4C5D2C-E5D2-4007-A339-444090E2FE95}.Debug|Any CPU.ActiveCfg = Debug|Any CPU
		{CC4C5D2C-E5D2-4007-A339-444090E2FE95}.Debug|Any CPU.Build.0 = Debug|Any CPU
		{CC4C5D2C-E5D2-4007-A339-444090E2FE95}.Release|Any CPU.ActiveCfg = Release|Any CPU
		{CC4C5D2C-E5D2-4007-A339-444090E2FE95}.Release|Any CPU.Build.0 = Release|Any CPU
		{8EEA7FA0-5C73-41B3-93BB-26471DCEE65E}.Debug|Any CPU.ActiveCfg = Debug|Any CPU
		{8EEA7FA0-5C73-41B3-93BB-26471DCEE65E}.Debug|Any CPU.Build.0 = Debug|Any CPU
		{8EEA7FA0-5C73-41B3-93BB-26471DCEE65E}.Release|Any CPU.ActiveCfg = Release|Any CPU
		{8EEA7FA0-5C73-41B3-93BB-26471DCEE65E}.Release|Any CPU.Build.0 = Release|Any CPU
	EndGlobalSection
	GlobalSection(SolutionProperties) = preSolution
		HideSolutionNode = FALSE
	EndGlobalSection
	GlobalSection(ExtensibilityGlobals) = postSolution
		SolutionGuid = {4D9728E6-A4D8-452E-97BC-D494C71B2A52}
	EndGlobalSection
EndGlobal
